
Microsoft Visual Studio Solution File, Format Version 12.00
# Visual Studio Version 17
VisualStudioVersion = 17.9.34902.65
MinimumVisualStudioVersion = 10.0.40219.1
Project("{FAE04EC0-301F-11D3-BF4B-00C04F79EFBC}") = "CloudWorks.Api", "CloudWorks.Api.csproj", "{4173C519-8AF4-4831-BAE3-BF3544C0BA31}"
EndProject
Project("{FAE04EC0-301F-11D3-BF4B-00C04F79EFBC}") = "CloudWorks.Data", "..\CloudWorks.Data\CloudWorks.Data.csproj", "{DC281A36-C19E-4D56-9E8B-93E00978A8A8}"
EndProject
Project("{FAE04EC0-301F-11D3-BF4B-00C04F79EFBC}") = "CloudWorks.Services.Contracts", "..\CloudWorks.Services.Contracts\CloudWorks.Services.Contracts.csproj", "{EB36F287-B474-4D47-A825-635F186FE0DD}"
EndProject
Project("{FAE04EC0-301F-11D3-BF4B-00C04F79EFBC}") = "CloudWorks.Data.Migrations", "..\CloudWorks.Data.Migrations\CloudWorks.Data.Migrations.csproj", "{446AD7A1-47B7-4252-990D-2817EEF71697}"
EndProject
Project("{2150E333-8FDC-42A3-9474-1A3956D46DE8}") = "Api", "Api", "{A7E89867-188B-43D6-93CB-2FC9EAC1BB43}"
EndProject
Project("{2150E333-8FDC-42A3-9474-1A3956D46DE8}") = "Contracts", "Contracts", "{1D177348-2229-47F6-80C8-1C60B1FEFFB1}"
EndProject
Project("{2150E333-8FDC-42A3-9474-1A3956D46DE8}") = "Implementation", "Implementation", "{C0FF2DEF-A3D8-43F7-94BD-53AC8210F6D8}"
EndProject
Project("{FAE04EC0-301F-11D3-BF4B-00C04F79EFBC}") = "CloudWorks.Data.Contracts", "..\CloudWorks.Data.Contracts\CloudWorks.Data.Contracts.csproj", "{2C65F3C8-5E90-4451-8AD3-2BAD57958660}"
EndProject
Project("{2150E333-8FDC-42A3-9474-1A3956D46DE8}") = "Migrations", "Migrations", "{74600B06-0AE8-469A-95C6-BF6EB24DA133}"
EndProject
Project("{FAE04EC0-301F-11D3-BF4B-00C04F79EFBC}") = "CloudWorks.Application", "..\CloudWorks.Application\CloudWorks.Application.csproj", "{7D88FD80-9F04-4DF0-875B-F7691AE97CFC}"
EndProject
Project("{2150E333-8FDC-42A3-9474-1A3956D46DE8}") = "Application", "Application", "{02EA681E-C7D8-13C7-8484-4AC65E1B71E8}"
EndProject
Project("{FAE04EC0-301F-11D3-BF4B-00C04F79EFBC}") = "CloudWorks.Persistence", "..\CloudWorks.Persistence\CloudWorks.Persistence.csproj", "{ADFCD4C1-A6E5-486E-9205-4983207BB160}"
EndProject
Project("{FAE04EC0-301F-11D3-BF4B-00C04F79EFBC}") = "CloudWorks.Infrastructure", "..\CloudWorks.Infrastructure\CloudWorks.Infrastructure.csproj", "{5711151D-9F3B-43EF-90B2-E52CA5B90D74}"
EndProject
Project("{FAE04EC0-301F-11D3-BF4B-00C04F79EFBC}") = "CloudWorks.IntegrationTests", "..\CloudWorks.IntegrationTests\CloudWorks.IntegrationTests.csproj", "{E697BC2D-A47F-4EAA-8ED5-B510342BF9F2}"
EndProject
Project("{2150E333-8FDC-42A3-9474-1A3956D46DE8}") = "Tests", "Tests", "{BCE3C73E-7836-4DE3-8F22-2E27C2C9EFDC}"
EndProject
Global
	GlobalSection(SolutionConfigurationPlatforms) = preSolution
		Debug|Any CPU = Debug|Any CPU
		Release|Any CPU = Release|Any CPU
	EndGlobalSection
	GlobalSection(ProjectConfigurationPlatforms) = postSolution
		{4173C519-8AF4-4831-BAE3-BF3544C0BA31}.Debug|Any CPU.ActiveCfg = Debug|Any CPU
		{4173C519-8AF4-4831-BAE3-BF3544C0BA31}.Debug|Any CPU.Build.0 = Debug|Any CPU
		{4173C519-8AF4-4831-BAE3-BF3544C0BA31}.Release|Any CPU.ActiveCfg = Release|Any CPU
		{4173C519-8AF4-4831-BAE3-BF3544C0BA31}.Release|Any CPU.Build.0 = Release|Any CPU
		{DC281A36-C19E-4D56-9E8B-93E00978A8A8}.Debug|Any CPU.ActiveCfg = Debug|Any CPU
		{DC281A36-C19E-4D56-9E8B-93E00978A8A8}.Debug|Any CPU.Build.0 = Debug|Any CPU
		{DC281A36-C19E-4D56-9E8B-93E00978A8A8}.Release|Any CPU.ActiveCfg = Release|Any CPU
		{DC281A36-C19E-4D56-9E8B-93E00978A8A8}.Release|Any CPU.Build.0 = Release|Any CPU
		{EB36F287-B474-4D47-A825-635F186FE0DD}.Debug|Any CPU.ActiveCfg = Debug|Any CPU
		{EB36F287-B474-4D47-A825-635F186FE0DD}.Debug|Any CPU.Build.0 = Debug|Any CPU
		{EB36F287-B474-4D47-A825-635F186FE0DD}.Release|Any CPU.ActiveCfg = Release|Any CPU
		{EB36F287-B474-4D47-A825-635F186FE0DD}.Release|Any CPU.Build.0 = Release|Any CPU
		{446AD7A1-47B7-4252-990D-2817EEF71697}.Debug|Any CPU.ActiveCfg = Debug|Any CPU
		{446AD7A1-47B7-4252-990D-2817EEF71697}.Debug|Any CPU.Build.0 = Debug|Any CPU
		{446AD7A1-47B7-4252-990D-2817EEF71697}.Release|Any CPU.ActiveCfg = Release|Any CPU
		{446AD7A1-47B7-4252-990D-2817EEF71697}.Release|Any CPU.Build.0 = Release|Any CPU
		{2C65F3C8-5E90-4451-8AD3-2BAD57958660}.Debug|Any CPU.ActiveCfg = Debug|Any CPU
		{2C65F3C8-5E90-4451-8AD3-2BAD57958660}.Debug|Any CPU.Build.0 = Debug|Any CPU
		{2C65F3C8-5E90-4451-8AD3-2BAD57958660}.Release|Any CPU.ActiveCfg = Release|Any CPU
		{2C65F3C8-5E90-4451-8AD3-2BAD57958660}.Release|Any CPU.Build.0 = Release|Any CPU
		{7D88FD80-9F04-4DF0-875B-F7691AE97CFC}.Debug|Any CPU.ActiveCfg = Debug|Any CPU
		{7D88FD80-9F04-4DF0-875B-F7691AE97CFC}.Debug|Any CPU.Build.0 = Debug|Any CPU
		{7D88FD80-9F04-4DF0-875B-F7691AE97CFC}.Release|Any CPU.ActiveCfg = Release|Any CPU
		{7D88FD80-9F04-4DF0-875B-F7691AE97CFC}.Release|Any CPU.Build.0 = Release|Any CPU
		{ADFCD4C1-A6E5-486E-9205-4983207BB160}.Debug|Any CPU.ActiveCfg = Debug|Any CPU
		{ADFCD4C1-A6E5-486E-9205-4983207BB160}.Debug|Any CPU.Build.0 = Debug|Any CPU
		{ADFCD4C1-A6E5-486E-9205-4983207BB160}.Release|Any CPU.ActiveCfg = Release|Any CPU
		{ADFCD4C1-A6E5-486E-9205-4983207BB160}.Release|Any CPU.Build.0 = Release|Any CPU
		{5711151D-9F3B-43EF-90B2-E52CA5B90D74}.Debug|Any CPU.ActiveCfg = Debug|Any CPU
		{5711151D-9F3B-43EF-90B2-E52CA5B90D74}.Debug|Any CPU.Build.0 = Debug|Any CPU
		{5711151D-9F3B-43EF-90B2-E52CA5B90D74}.Release|Any CPU.ActiveCfg = Release|Any CPU
		{5711151D-9F3B-43EF-90B2-E52CA5B90D74}.Release|Any CPU.Build.0 = Release|Any CPU
		{E697BC2D-A47F-4EAA-8ED5-B510342BF9F2}.Debug|Any CPU.ActiveCfg = Debug|Any CPU
		{E697BC2D-A47F-4EAA-8ED5-B510342BF9F2}.Debug|Any CPU.Build.0 = Debug|Any CPU
		{E697BC2D-A47F-4EAA-8ED5-B510342BF9F2}.Release|Any CPU.ActiveCfg = Release|Any CPU
		{E697BC2D-A47F-4EAA-8ED5-B510342BF9F2}.Release|Any CPU.Build.0 = Release|Any CPU
	EndGlobalSection
	GlobalSection(SolutionProperties) = preSolution
		HideSolutionNode = FALSE
	EndGlobalSection
	GlobalSection(NestedProjects) = preSolution
		{4173C519-8AF4-4831-BAE3-BF3544C0BA31} = {A7E89867-188B-43D6-93CB-2FC9EAC1BB43}
		{DC281A36-C19E-4D56-9E8B-93E00978A8A8} = {C0FF2DEF-A3D8-43F7-94BD-53AC8210F6D8}
		{EB36F287-B474-4D47-A825-635F186FE0DD} = {1D177348-2229-47F6-80C8-1C60B1FEFFB1}
		{446AD7A1-47B7-4252-990D-2817EEF71697} = {74600B06-0AE8-469A-95C6-BF6EB24DA133}
		{2C65F3C8-5E90-4451-8AD3-2BAD57958660} = {1D177348-2229-47F6-80C8-1C60B1FEFFB1}
		{7D88FD80-9F04-4DF0-875B-F7691AE97CFC} = {02EA681E-C7D8-13C7-8484-4AC65E1B71E8}
		{ADFCD4C1-A6E5-486E-9205-4983207BB160} = {C0FF2DEF-A3D8-43F7-94BD-53AC8210F6D8}
		{5711151D-9F3B-43EF-90B2-E52CA5B90D74} = {C0FF2DEF-A3D8-43F7-94BD-53AC8210F6D8}
		{E697BC2D-A47F-4EAA-8ED5-B510342BF9F2} = {BCE3C73E-7836-4DE3-8F22-2E27C2C9EFDC}
	EndGlobalSection
	GlobalSection(ExtensibilityGlobals) = postSolution
		SolutionGuid = {537C4E31-871E-4287-B585-0122F02771DC}
	EndGlobalSection
EndGlobal
